
Microsoft Visual Studio Solution File, Format Version 12.00
# Visual Studio Version 16
VisualStudioVersion = 16.0.32413.511
MinimumVisualStudioVersion = 10.0.40219.1
Project("{FAE04EC0-301F-11D3-BF4B-00C04F79EFBC}") = "TestAutomation", "TestAutomation\TestAutomation.csproj", "{BFD54914-1977-4BA4-9434-1ABFFBFA5C07}"
EndProject
Global
	GlobalSection(SolutionConfigurationPlatforms) = preSolution
		Debug|Any CPU = Debug|Any CPU
		Release|Any CPU = Release|Any CPU
	EndGlobalSection
	GlobalSection(ProjectConfigurationPlatforms) = postSolution
		{BFD54914-1977-4BA4-9434-1ABFFBFA5C07}.Debug|Any CPU.ActiveCfg = Debug|Any CPU
		{BFD54914-1977-4BA4-9434-1ABFFBFA5C07}.Debug|Any CPU.Build.0 = Debug|Any CPU
		{BFD54914-1977-4BA4-9434-1ABFFBFA5C07}.Release|Any CPU.ActiveCfg = Release|Any CPU
		{BFD54914-1977-4BA4-9434-1ABFFBFA5C07}.Release|Any CPU.Build.0 = Release|Any CPU
	EndGlobalSection
	GlobalSection(SolutionProperties) = preSolution
		HideSolutionNode = FALSE
	EndGlobalSection
	GlobalSection(ExtensibilityGlobals) = postSolution
		SolutionGuid = {47320085-0A18-4FF5-A5A4-1FFE781D77A6}
	EndGlobalSection
EndGlobal
